{
  "requires": true,
  "lockfileVersion": 1,
  "dependencies": {
    "moment": {
      "version": "2.29.1",
      "resolved": "https://registry.npmjs.org/moment/-/moment-2.29.1.tgz",
      "integrity": "sha512-kHmoybcPV8Sqy59DwNDY3Jefr64lK/by/da0ViFcuA4DH0vQg5Q6Ze5VimxkfQNSC+Mls/Kx53s7TjP1RhFEDQ=="
    },
    "ng2-date-picker": {
      "version": "10.0.0",
      "resolved": "https://registry.npmjs.org/ng2-date-picker/-/ng2-date-picker-10.0.0.tgz",
      "integrity": "sha512-ty+pp7p4XhpUp7ZuL+ANWoHJpYYk0ukRFm9c+ZvD1QP5+Xs6JKu/fuDOMAgk3Mx7hGZqORxQf4i/UhWi7WyQGQ==",
      "requires": {
        "moment": "^2.24.0",
        "tslib": "^2.0.0"
      }
    },
    "tslib": {
      "version": "2.0.3",
      "resolved": "https://registry.npmjs.org/tslib/-/tslib-2.0.3.tgz",
      "integrity": "sha512-uZtkfKblCEQtZKBF6EBXVZeQNl82yqtDQdv+eck8u7tdPxjLu2/lp5/uPW+um2tpuxINHWy3GhiccY7QgEaVHQ=="
    }
  }
}
